
Microsoft Visual Studio Solution File, Format Version 12.00
# Visual Studio Version 16
VisualStudioVersion = 16.0.31911.196
MinimumVisualStudioVersion = 10.0.40219.1
Project("{FAE04EC0-301F-11D3-BF4B-00C04F79EFBC}") = "An_Array_of_Sorts", "An_Array_of_Sorts\An_Array_of_Sorts.csproj", "{F80C57D0-F02E-4F3C-B5C9-FD6761FC09C4}"
EndProject
Global
	GlobalSection(SolutionConfigurationPlatforms) = preSolution
		Debug|Any CPU = Debug|Any CPU
		Release|Any CPU = Release|Any CPU
	EndGlobalSection
	GlobalSection(ProjectConfigurationPlatforms) = postSolution
		{F80C57D0-F02E-4F3C-B5C9-FD6761FC09C4}.Debug|Any CPU.ActiveCfg = Debug|Any CPU
		{F80C57D0-F02E-4F3C-B5C9-FD6761FC09C4}.Debug|Any CPU.Build.0 = Debug|Any CPU
		{F80C57D0-F02E-4F3C-B5C9-FD6761FC09C4}.Release|Any CPU.ActiveCfg = Release|Any CPU
		{F80C57D0-F02E-4F3C-B5C9-FD6761FC09C4}.Release|Any CPU.Build.0 = Release|Any CPU
	EndGlobalSection
	GlobalSection(SolutionProperties) = preSolution
		HideSolutionNode = FALSE
	EndGlobalSection
	GlobalSection(ExtensibilityGlobals) = postSolution
		SolutionGuid = {CAF8E3A5-075C-4745-B702-E6AE40F6771F}
	EndGlobalSection
EndGlobal
